
Microsoft Visual Studio Solution File, Format Version 12.00
# Visual Studio Version 16
VisualStudioVersion = 16.0.30611.23
MinimumVisualStudioVersion = 10.0.40219.1
Project("{FAE04EC0-301F-11D3-BF4B-00C04F79EFBC}") = "Sever", "Sever.csproj", "{894D72A2-8DB7-4812-A970-9C0CAD71F1E2}"
EndProject
Project("{FAE04EC0-301F-11D3-BF4B-00C04F79EFBC}") = "TCPClient", "..\TCPClient\TCPClient.csproj", "{5BD59100-476E-433A-A6EE-D5F62C03F3C1}"
EndProject
Global
	GlobalSection(SolutionConfigurationPlatforms) = preSolution
		Debug|Any CPU = Debug|Any CPU
		Release|Any CPU = Release|Any CPU
	EndGlobalSection
	GlobalSection(ProjectConfigurationPlatforms) = postSolution
		{894D72A2-8DB7-4812-A970-9C0CAD71F1E2}.Debug|Any CPU.ActiveCfg = Debug|Any CPU
		{894D72A2-8DB7-4812-A970-9C0CAD71F1E2}.Debug|Any CPU.Build.0 = Debug|Any CPU
		{894D72A2-8DB7-4812-A970-9C0CAD71F1E2}.Release|Any CPU.ActiveCfg = Release|Any CPU
		{894D72A2-8DB7-4812-A970-9C0CAD71F1E2}.Release|Any CPU.Build.0 = Release|Any CPU
		{5BD59100-476E-433A-A6EE-D5F62C03F3C1}.Debug|Any CPU.ActiveCfg = Debug|Any CPU
		{5BD59100-476E-433A-A6EE-D5F62C03F3C1}.Debug|Any CPU.Build.0 = Debug|Any CPU
		{5BD59100-476E-433A-A6EE-D5F62C03F3C1}.Release|Any CPU.ActiveCfg = Release|Any CPU
		{5BD59100-476E-433A-A6EE-D5F62C03F3C1}.Release|Any CPU.Build.0 = Release|Any CPU
	EndGlobalSection
	GlobalSection(SolutionProperties) = preSolution
		HideSolutionNode = FALSE
	EndGlobalSection
	GlobalSection(ExtensibilityGlobals) = postSolution
		SolutionGuid = {715C9FE8-108D-4A0B-8AF2-997719CEA65A}
	EndGlobalSection
EndGlobal
